
Microsoft Visual Studio Solution File, Format Version 12.00
# Visual Studio 15
VisualStudioVersion = 15.0.27130.2010
MinimumVisualStudioVersion = 10.0.40219.1
Project("{FAE04EC0-301F-11D3-BF4B-00C04F79EFBC}") = "GameON_SmartCity", "GameON_SmartCity\GameON_SmartCity.csproj", "{E61B3146-F27A-4A32-AE2A-CC7782170DF5}"
EndProject
Global
	GlobalSection(SolutionConfigurationPlatforms) = preSolution
		Debug|Any CPU = Debug|Any CPU
		Release|Any CPU = Release|Any CPU
	EndGlobalSection
	GlobalSection(ProjectConfigurationPlatforms) = postSolution
		{E61B3146-F27A-4A32-AE2A-CC7782170DF5}.Debug|Any CPU.ActiveCfg = Debug|Any CPU
		{E61B3146-F27A-4A32-AE2A-CC7782170DF5}.Debug|Any CPU.Build.0 = Debug|Any CPU
		{E61B3146-F27A-4A32-AE2A-CC7782170DF5}.Release|Any CPU.ActiveCfg = Release|Any CPU
		{E61B3146-F27A-4A32-AE2A-CC7782170DF5}.Release|Any CPU.Build.0 = Release|Any CPU
	EndGlobalSection
	GlobalSection(SolutionProperties) = preSolution
		HideSolutionNode = FALSE
	EndGlobalSection
	GlobalSection(ExtensibilityGlobals) = postSolution
		SolutionGuid = {6592ACB8-821F-4E8E-9168-9BA1BA5ECF43}
	EndGlobalSection
EndGlobal
